
Microsoft Visual Studio Solution File, Format Version 12.00
# Visual Studio Version 17
VisualStudioVersion = 17.0.31903.59
MinimumVisualStudioVersion = 10.0.40219.1
Project("{2150E333-8FDC-42A3-9474-1A3956D46DE8}") = "src", "src", "{B7E192C4-4BD0-4B38-A721-68BEC5CE5DA3}"
EndProject
Project("{FAE04EC0-301F-11D3-BF4B-00C04F79EFBC}") = "NVHAlgorithmKit", "src\NVHAlgorithmKit\NVHAlgorithmKit.csproj", "{A0E569B8-4AD5-4202-98B8-C278CD855CB5}"
EndProject
Project("{2150E333-8FDC-42A3-9474-1A3956D46DE8}") = "tests", "tests", "{EDD11E2D-053B-4044-AFAD-E0FEB136B57A}"
EndProject
Project("{FAE04EC0-301F-11D3-BF4B-00C04F79EFBC}") = "NVHAlgorithmKit.Tests", "tests\NVHAlgorithmKit.Tests\NVHAlgorithmKit.Tests.csproj", "{3B9E14B4-3766-428B-86FC-8C85A1D06A52}"
EndProject
Project("{FAE04EC0-301F-11D3-BF4B-00C04F79EFBC}") = "NVHAlgorithmKit.Compatibility.Tests", "tests\NVHAlgorithmKit.Compatibility.Tests\NVHAlgorithmKit.Compatibility.Tests.csproj", "{B9CDAC37-CC6E-4707-985B-1CEFD4AE1340}"
EndProject
Global
	GlobalSection(SolutionConfigurationPlatforms) = preSolution
		Debug|Any CPU = Debug|Any CPU
		Release|Any CPU = Release|Any CPU
	EndGlobalSection
	GlobalSection(SolutionProperties) = preSolution
		HideSolutionNode = FALSE
	EndGlobalSection
	GlobalSection(ProjectConfigurationPlatforms) = postSolution
		{A0E569B8-4AD5-4202-98B8-C278CD855CB5}.Debug|Any CPU.ActiveCfg = Debug|Any CPU
		{A0E569B8-4AD5-4202-98B8-C278CD855CB5}.Debug|Any CPU.Build.0 = Debug|Any CPU
		{A0E569B8-4AD5-4202-98B8-C278CD855CB5}.Release|Any CPU.ActiveCfg = Release|Any CPU
		{A0E569B8-4AD5-4202-98B8-C278CD855CB5}.Release|Any CPU.Build.0 = Release|Any CPU
		{3B9E14B4-3766-428B-86FC-8C85A1D06A52}.Debug|Any CPU.ActiveCfg = Debug|Any CPU
		{3B9E14B4-3766-428B-86FC-8C85A1D06A52}.Debug|Any CPU.Build.0 = Debug|Any CPU
		{3B9E14B4-3766-428B-86FC-8C85A1D06A52}.Release|Any CPU.ActiveCfg = Release|Any CPU
		{3B9E14B4-3766-428B-86FC-8C85A1D06A52}.Release|Any CPU.Build.0 = Release|Any CPU
		{B9CDAC37-CC6E-4707-985B-1CEFD4AE1340}.Debug|Any CPU.ActiveCfg = Debug|Any CPU
		{B9CDAC37-CC6E-4707-985B-1CEFD4AE1340}.Debug|Any CPU.Build.0 = Debug|Any CPU
		{B9CDAC37-CC6E-4707-985B-1CEFD4AE1340}.Release|Any CPU.ActiveCfg = Release|Any CPU
		{B9CDAC37-CC6E-4707-985B-1CEFD4AE1340}.Release|Any CPU.Build.0 = Release|Any CPU
	EndGlobalSection
	GlobalSection(NestedProjects) = preSolution
		{A0E569B8-4AD5-4202-98B8-C278CD855CB5} = {B7E192C4-4BD0-4B38-A721-68BEC5CE5DA3}
		{3B9E14B4-3766-428B-86FC-8C85A1D06A52} = {EDD11E2D-053B-4044-AFAD-E0FEB136B57A}
		{B9CDAC37-CC6E-4707-985B-1CEFD4AE1340} = {EDD11E2D-053B-4044-AFAD-E0FEB136B57A}
	EndGlobalSection
EndGlobal
