
Microsoft Visual Studio Solution File, Format Version 12.00
# Visual Studio Version 17
VisualStudioVersion = 17.14.36705.20 d17.14
MinimumVisualStudioVersion = 10.0.40219.1
Project("{FAE04EC0-301F-11D3-BF4B-00C04F79EFBC}") = "NvhLibCSharp", "NvhLibCSharp.csproj", "{C620177D-167E-437A-B045-24DF30583979}"
EndProject
Global
	GlobalSection(SolutionConfigurationPlatforms) = preSolution
		Debug|Any CPU = Debug|Any CPU
		Release|Any CPU = Release|Any CPU
	EndGlobalSection
	GlobalSection(ProjectConfigurationPlatforms) = postSolution
		{C620177D-167E-437A-B045-24DF30583979}.Debug|Any CPU.ActiveCfg = Debug|Any CPU
		{C620177D-167E-437A-B045-24DF30583979}.Debug|Any CPU.Build.0 = Debug|Any CPU
		{C620177D-167E-437A-B045-24DF30583979}.Release|Any CPU.ActiveCfg = Release|Any CPU
		{C620177D-167E-437A-B045-24DF30583979}.Release|Any CPU.Build.0 = Release|Any CPU
	EndGlobalSection
	GlobalSection(SolutionProperties) = preSolution
		HideSolutionNode = FALSE
	EndGlobalSection
	GlobalSection(ExtensibilityGlobals) = postSolution
		SolutionGuid = {BCA8BC0A-9EBC-4DC5-9E6D-A4DB4532AD61}
	EndGlobalSection
EndGlobal
